
Microsoft Visual Studio Solution File, Format Version 12.00
# Visual Studio Version 17
VisualStudioVersion = 17.7.34031.279
MinimumVisualStudioVersion = 10.0.40219.1
Project("{FAE04EC0-301F-11D3-BF4B-00C04F79EFBC}") = "ThreadDelegate", "ThreadDelegate\ThreadDelegate.csproj", "{9057F42D-001D-4815-9560-7DE16C4DE9F5}"
EndProject
Global
	GlobalSection(SolutionConfigurationPlatforms) = preSolution
		Debug|Any CPU = Debug|Any CPU
		Release|Any CPU = Release|Any CPU
	EndGlobalSection
	GlobalSection(ProjectConfigurationPlatforms) = postSolution
		{9057F42D-001D-4815-9560-7DE16C4DE9F5}.Debug|Any CPU.ActiveCfg = Debug|Any CPU
		{9057F42D-001D-4815-9560-7DE16C4DE9F5}.Debug|Any CPU.Build.0 = Debug|Any CPU
		{9057F42D-001D-4815-9560-7DE16C4DE9F5}.Release|Any CPU.ActiveCfg = Release|Any CPU
		{9057F42D-001D-4815-9560-7DE16C4DE9F5}.Release|Any CPU.Build.0 = Release|Any CPU
	EndGlobalSection
	GlobalSection(SolutionProperties) = preSolution
		HideSolutionNode = FALSE
	EndGlobalSection
	GlobalSection(ExtensibilityGlobals) = postSolution
		SolutionGuid = {66718E95-65E5-4B95-B196-310109025244}
	EndGlobalSection
EndGlobal
